// !$*UTF8*$!
{
	archiveVersion = 1;
	classes = {
	};
	objectVersion = 60;
	objects = {

/* Begin PBXBuildFile section */
		DA1362282B1F0FFE0067AB9C /* TextFieldDemoStyle.swift in Sources */ = {isa = PBXBuildFile; fileRef = DA1362272B1F0FFE0067AB9C /* TextFieldDemoStyle.swift */; };
		DA13622A2B1F11810067AB9C /* DemoFieldsVM.swift in Sources */ = {isa = PBXBuildFile; fileRef = DA1362292B1F11810067AB9C /* DemoFieldsVM.swift */; };
		DA13622D2B1F152F0067AB9C /* FieldLabel.swift in Sources */ = {isa = PBXBuildFile; fileRef = DA13622C2B1F152F0067AB9C /* FieldLabel.swift */; };
		DA13622F2B1F15770067AB9C /* ReadSizeModifier.swift in Sources */ = {isa = PBXBuildFile; fileRef = DA13622E2B1F15770067AB9C /* ReadSizeModifier.swift */; };
		DAA696E52B19BCEE00E08E6E /* MaskedTextFieldsDemoAppApp.swift in Sources */ = {isa = PBXBuildFile; fileRef = DAA696E42B19BCEE00E08E6E /* MaskedTextFieldsDemoAppApp.swift */; };
		DAA696E72B19BCEE00E08E6E /* ContentView.swift in Sources */ = {isa = PBXBuildFile; fileRef = DAA696E62B19BCEE00E08E6E /* ContentView.swift */; };
		DAA696E92B19BCEF00E08E6E /* Assets.xcassets in Resources */ = {isa = PBXBuildFile; fileRef = DAA696E82B19BCEF00E08E6E /* Assets.xcassets */; };
		DAA696EC2B19BCEF00E08E6E /* Preview Assets.xcassets in Resources */ = {isa = PBXBuildFile; fileRef = DAA696EB2B19BCEF00E08E6E /* Preview Assets.xcassets */; };
		DAA696F42B19BD1100E08E6E /* MaskedTextFields in Frameworks */ = {isa = PBXBuildFile; productRef = DAA696F32B19BD1100E08E6E /* MaskedTextFields */; };
		DAA696F62B19BD1100E08E6E /* PhoneNumberField in Frameworks */ = {isa = PBXBuildFile; productRef = DAA696F52B19BD1100E08E6E /* PhoneNumberField */; };
		DAA696F82B19BDCB00E08E6E /* MaskedTextFields in Frameworks */ = {isa = PBXBuildFile; productRef = DAA696F72B19BDCB00E08E6E /* MaskedTextFields */; };
		DAA696FA2B19BDCB00E08E6E /* PhoneNumberField in Frameworks */ = {isa = PBXBuildFile; productRef = DAA696F92B19BDCB00E08E6E /* PhoneNumberField */; };
/* End PBXBuildFile section */

/* Begin PBXFileReference section */
		DA1362272B1F0FFE0067AB9C /* TextFieldDemoStyle.swift */ = {isa = PBXFileReference; lastKnownFileType = sourcecode.swift; path = TextFieldDemoStyle.swift; sourceTree = "<group>"; };
		DA1362292B1F11810067AB9C /* DemoFieldsVM.swift */ = {isa = PBXFileReference; lastKnownFileType = sourcecode.swift; path = DemoFieldsVM.swift; sourceTree = "<group>"; };
		DA13622C2B1F152F0067AB9C /* FieldLabel.swift */ = {isa = PBXFileReference; lastKnownFileType = sourcecode.swift; path = FieldLabel.swift; sourceTree = "<group>"; };
		DA13622E2B1F15770067AB9C /* ReadSizeModifier.swift */ = {isa = PBXFileReference; lastKnownFileType = sourcecode.swift; path = ReadSizeModifier.swift; sourceTree = "<group>"; };
		DAA696E12B19BCEE00E08E6E /* MaskedTextFieldsDemoApp.app */ = {isa = PBXFileReference; explicitFileType = wrapper.application; includeInIndex = 0; path = MaskedTextFieldsDemoApp.app; sourceTree = BUILT_PRODUCTS_DIR; };
		DAA696E42B19BCEE00E08E6E /* MaskedTextFieldsDemoAppApp.swift */ = {isa = PBXFileReference; lastKnownFileType = sourcecode.swift; path = MaskedTextFieldsDemoAppApp.swift; sourceTree = "<group>"; };
		DAA696E62B19BCEE00E08E6E /* ContentView.swift */ = {isa = PBXFileReference; lastKnownFileType = sourcecode.swift; path = ContentView.swift; sourceTree = "<group>"; };
		DAA696E82B19BCEF00E08E6E /* Assets.xcassets */ = {isa = PBXFileReference; lastKnownFileType = folder.assetcatalog; path = Assets.xcassets; sourceTree = "<group>"; };
		DAA696EB2B19BCEF00E08E6E /* Preview Assets.xcassets */ = {isa = PBXFileReference; lastKnownFileType = folder.assetcatalog; path = "Preview Assets.xcassets"; sourceTree = "<group>"; };
/* End PBXFileReference section */

/* Begin PBXFrameworksBuildPhase section */
		DAA696DE2B19BCEE00E08E6E /* Frameworks */ = {
			isa = PBXFrameworksBuildPhase;
			buildActionMask = 2147483647;
			files = (
				DAA696F82B19BDCB00E08E6E /* MaskedTextFields in Frameworks */,
				DAA696F42B19BD1100E08E6E /* MaskedTextFields in Frameworks */,
				DAA696F62B19BD1100E08E6E /* PhoneNumberField in Frameworks */,
				DAA696FA2B19BDCB00E08E6E /* PhoneNumberField in Frameworks */,
			);
			runOnlyForDeploymentPostprocessing = 0;
		};
/* End PBXFrameworksBuildPhase section */

/* Begin PBXGroup section */
		DA13622B2B1F15150067AB9C /* Components */ = {
			isa = PBXGroup;
			children = (
				DA1362272B1F0FFE0067AB9C /* TextFieldDemoStyle.swift */,
				DA13622C2B1F152F0067AB9C /* FieldLabel.swift */,
				DA13622E2B1F15770067AB9C /* ReadSizeModifier.swift */,
			);
			path = Components;
			sourceTree = "<group>";
		};
		DAA696D82B19BCED00E08E6E = {
			isa = PBXGroup;
			children = (
				DAA696E32B19BCEE00E08E6E /* MaskedTextFieldsDemoApp */,
				DAA696E22B19BCEE00E08E6E /* Products */,
			);
			sourceTree = "<group>";
		};
		DAA696E22B19BCEE00E08E6E /* Products */ = {
			isa = PBXGroup;
			children = (
				DAA696E12B19BCEE00E08E6E /* MaskedTextFieldsDemoApp.app */,
			);
			name = Products;
			sourceTree = "<group>";
		};
		DAA696E32B19BCEE00E08E6E /* MaskedTextFieldsDemoApp */ = {
			isa = PBXGroup;
			children = (
				DA13622B2B1F15150067AB9C /* Components */,
				DAA696E42B19BCEE00E08E6E /* MaskedTextFieldsDemoAppApp.swift */,
				DAA696E62B19BCEE00E08E6E /* ContentView.swift */,
				DAA696E82B19BCEF00E08E6E /* Assets.xcassets */,
				DAA696EA2B19BCEF00E08E6E /* Preview Content */,
				DA1362292B1F11810067AB9C /* DemoFieldsVM.swift */,
			);
			path = MaskedTextFieldsDemoApp;
			sourceTree = "<group>";
		};
		DAA696EA2B19BCEF00E08E6E /* Preview Content */ = {
			isa = PBXGroup;
			children = (
				DAA696EB2B19BCEF00E08E6E /* Preview Assets.xcassets */,
			);
			path = "Preview Content";
			sourceTree = "<group>";
		};
/* End PBXGroup section */

/* Begin PBXNativeTarget section */
		DAA696E02B19BCEE00E08E6E /* MaskedTextFieldsDemoApp */ = {
			isa = PBXNativeTarget;
			buildConfigurationList = DAA696EF2B19BCEF00E08E6E /* Build configuration list for PBXNativeTarget "MaskedTextFieldsDemoApp" */;
			buildPhases = (
				DAA696DD2B19BCEE00E08E6E /* Sources */,
				DAA696DE2B19BCEE00E08E6E /* Frameworks */,
				DAA696DF2B19BCEE00E08E6E /* Resources */,
			);
			buildRules = (
			);
			dependencies = (
			);
			name = MaskedTextFieldsDemoApp;
			packageProductDependencies = (
				DAA696F32B19BD1100E08E6E /* MaskedTextFields */,
				DAA696F52B19BD1100E08E6E /* PhoneNumberField */,
				DAA696F72B19BDCB00E08E6E /* MaskedTextFields */,
				DAA696F92B19BDCB00E08E6E /* PhoneNumberField */,
			);
			productName = MaskedTextFieldsDemoApp;
			productReference = DAA696E12B19BCEE00E08E6E /* MaskedTextFieldsDemoApp.app */;
			productType = "com.apple.product-type.application";
		};
/* End PBXNativeTarget section */

/* Begin PBXProject section */
		DAA696D92B19BCED00E08E6E /* Project object */ = {
			isa = PBXProject;
			attributes = {
				BuildIndependentTargetsInParallel = 1;
				LastSwiftUpdateCheck = 1500;
				LastUpgradeCheck = 1500;
				TargetAttributes = {
					DAA696E02B19BCEE00E08E6E = {
						CreatedOnToolsVersion = 15.0.1;
					};
				};
			};
			buildConfigurationList = DAA696DC2B19BCED00E08E6E /* Build configuration list for PBXProject "MaskedTextFieldsDemoApp" */;
			compatibilityVersion = "Xcode 14.0";
			developmentRegion = en;
			hasScannedForEncodings = 0;
			knownRegions = (
				en,
				Base,
			);
			mainGroup = DAA696D82B19BCED00E08E6E;
			packageReferences = (
				DAA696F22B19BD1100E08E6E /* XCLocalSwiftPackageReference ".." */,
			);
			productRefGroup = DAA696E22B19BCEE00E08E6E /* Products */;
			projectDirPath = "";
			projectRoot = "";
			targets = (
				DAA696E02B19BCEE00E08E6E /* MaskedTextFieldsDemoApp */,
			);
		};
/* End PBXProject section */

/* Begin PBXResourcesBuildPhase section */
		DAA696DF2B19BCEE00E08E6E /* Resources */ = {
			isa = PBXResourcesBuildPhase;
			buildActionMask = 2147483647;
			files = (
				DAA696EC2B19BCEF00E08E6E /* Preview Assets.xcassets in Resources */,
				DAA696E92B19BCEF00E08E6E /* Assets.xcassets in Resources */,
			);
			runOnlyForDeploymentPostprocessing = 0;
		};
/* End PBXResourcesBuildPhase section */

/* Begin PBXSourcesBuildPhase section */
		DAA696DD2B19BCEE00E08E6E /* Sources */ = {
			isa = PBXSourcesBuildPhase;
			buildActionMask = 2147483647;
			files = (
				DA13622D2B1F152F0067AB9C /* FieldLabel.swift in Sources */,
				DA13622A2B1F11810067AB9C /* DemoFieldsVM.swift in Sources */,
				DAA696E72B19BCEE00E08E6E /* ContentView.swift in Sources */,
				DA13622F2B1F15770067AB9C /* ReadSizeModifier.swift in Sources */,
				DAA696E52B19BCEE00E08E6E /* MaskedTextFieldsDemoAppApp.swift in Sources */,
				DA1362282B1F0FFE0067AB9C /* TextFieldDemoStyle.swift in Sources */,
			);
			runOnlyForDeploymentPostprocessing = 0;
		};
/* End PBXSourcesBuildPhase section */

/* Begin XCBuildConfiguration section */
		DAA696ED2B19BCEF00E08E6E /* Debug */ = {
			isa = XCBuildConfiguration;
			buildSettings = {
				ALWAYS_SEARCH_USER_PATHS = NO;
				ASSETCATALOG_COMPILER_GENERATE_SWIFT_ASSET_SYMBOL_EXTENSIONS = YES;
				CLANG_ANALYZER_NONNULL = YES;
				CLANG_ANALYZER_NUMBER_OBJECT_CONVERSION = YES_AGGRESSIVE;
				CLANG_CXX_LANGUAGE_STANDARD = "gnu++20";
				CLANG_ENABLE_MODULES = YES;
				CLANG_ENABLE_OBJC_ARC = YES;
				CLANG_ENABLE_OBJC_WEAK = YES;
				CLANG_WARN_BLOCK_CAPTURE_AUTORELEASING = YES;
				CLANG_WARN_BOOL_CONVERSION = YES;
				CLANG_WARN_COMMA = YES;
				CLANG_WARN_CONSTANT_CONVERSION = YES;
				CLANG_WARN_DEPRECATED_OBJC_IMPLEMENTATIONS = YES;
				CLANG_WARN_DIRECT_OBJC_ISA_USAGE = YES_ERROR;
				CLANG_WARN_DOCUMENTATION_COMMENTS = YES;
				CLANG_WARN_EMPTY_BODY = YES;
				CLANG_WARN_ENUM_CONVERSION = YES;
				CLANG_WARN_INFINITE_RECURSION = YES;
				CLANG_WARN_INT_CONVERSION = YES;
				CLANG_WARN_NON_LITERAL_NULL_CONVERSION = YES;
				CLANG_WARN_OBJC_IMPLICIT_RETAIN_SELF = YES;
				CLANG_WARN_OBJC_LITERAL_CONVERSION = YES;
				CLANG_WARN_OBJC_ROOT_CLASS = YES_ERROR;
				CLANG_WARN_QUOTED_INCLUDE_IN_FRAMEWORK_HEADER = YES;
				CLANG_WARN_RANGE_LOOP_ANALYSIS = YES;
				CLANG_WARN_STRICT_PROTOTYPES = YES;
				CLANG_WARN_SUSPICIOUS_MOVE = YES;
				CLANG_WARN_UNGUARDED_AVAILABILITY = YES_AGGRESSIVE;
				CLANG_WARN_UNREACHABLE_CODE = YES;
				CLANG_WARN__DUPLICATE_METHOD_MATCH = YES;
				COPY_PHASE_STRIP = NO;
				DEBUG_INFORMATION_FORMAT = dwarf;
				ENABLE_STRICT_OBJC_MSGSEND = YES;
				ENABLE_TESTABILITY = YES;
				ENABLE_USER_SCRIPT_SANDBOXING = YES;
				GCC_C_LANGUAGE_STANDARD = gnu17;
				GCC_DYNAMIC_NO_PIC = NO;
				GCC_NO_COMMON_BLOCKS = YES;
				GCC_OPTIMIZATION_LEVEL = 0;
				GCC_PREPROCESSOR_DEFINITIONS = (
					"DEBUG=1",
					"$(inherited)",
				);
				GCC_WARN_64_TO_32_BIT_CONVERSION = YES;
				GCC_WARN_ABOUT_RETURN_TYPE = YES_ERROR;
				GCC_WARN_UNDECLARED_SELECTOR = YES;
				GCC_WARN_UNINITIALIZED_AUTOS = YES_AGGRESSIVE;
				GCC_WARN_UNUSED_FUNCTION = YES;
				GCC_WARN_UNUSED_VARIABLE = YES;
				IPHONEOS_DEPLOYMENT_TARGET = 17.0;
				LOCALIZATION_PREFERS_STRING_CATALOGS = YES;
				MTL_ENABLE_DEBUG_INFO = INCLUDE_SOURCE;
				MTL_FAST_MATH = YES;
				ONLY_ACTIVE_ARCH = YES;
				SDKROOT = iphoneos;
				SWIFT_ACTIVE_COMPILATION_CONDITIONS = "DEBUG $(inherited)";
				SWIFT_OPTIMIZATION_LEVEL = "-Onone";
			};
			name = Debug;
		};
		DAA696EE2B19BCEF00E08E6E /* Release */ = {
			isa = XCBuildConfiguration;
			buildSettings = {
				ALWAYS_SEARCH_USER_PATHS = NO;
				ASSETCATALOG_COMPILER_GENERATE_SWIFT_ASSET_SYMBOL_EXTENSIONS = YES;
				CLANG_ANALYZER_NONNULL = YES;
				CLANG_ANALYZER_NUMBER_OBJECT_CONVERSION = YES_AGGRESSIVE;
				CLANG_CXX_LANGUAGE_STANDARD = "gnu++20";
				CLANG_ENABLE_MODULES = YES;
				CLANG_ENABLE_OBJC_ARC = YES;
				CLANG_ENABLE_OBJC_WEAK = YES;
				CLANG_WARN_BLOCK_CAPTURE_AUTORELEASING = YES;
				CLANG_WARN_BOOL_CONVERSION = YES;
				CLANG_WARN_COMMA = YES;
				CLANG_WARN_CONSTANT_CONVERSION = YES;
				CLANG_WARN_DEPRECATED_OBJC_IMPLEMENTATIONS = YES;
				CLANG_WARN_DIRECT_OBJC_ISA_USAGE = YES_ERROR;
				CLANG_WARN_DOCUMENTATION_COMMENTS = YES;
				CLANG_WARN_EMPTY_BODY = YES;
				CLANG_WARN_ENUM_CONVERSION = YES;
				CLANG_WARN_INFINITE_RECURSION = YES;
				CLANG_WARN_INT_CONVERSION = YES;
				CLANG_WARN_NON_LITERAL_NULL_CONVERSION = YES;
				CLANG_WARN_OBJC_IMPLICIT_RETAIN_SELF = YES;
				CLANG_WARN_OBJC_LITERAL_CONVERSION = YES;
				CLANG_WARN_OBJC_ROOT_CLASS = YES_ERROR;
				CLANG_WARN_QUOTED_INCLUDE_IN_FRAMEWORK_HEADER = YES;
				CLANG_WARN_RANGE_LOOP_ANALYSIS = YES;
				CLANG_WARN_STRICT_PROTOTYPES = YES;
				CLANG_WARN_SUSPICIOUS_MOVE = YES;
				CLANG_WARN_UNGUARDED_AVAILABILITY = YES_AGGRESSIVE;
				CLANG_WARN_UNREACHABLE_CODE = YES;
				CLANG_WARN__DUPLICATE_METHOD_MATCH = YES;
				COPY_PHASE_STRIP = NO;
				DEBUG_INFORMATION_FORMAT = "dwarf-with-dsym";
				ENABLE_NS_ASSERTIONS = NO;
				ENABLE_STRICT_OBJC_MSGSEND = YES;
				ENABLE_USER_SCRIPT_SANDBOXING = YES;
				GCC_C_LANGUAGE_STANDARD = gnu17;
				GCC_NO_COMMON_BLOCKS = YES;
				GCC_WARN_64_TO_32_BIT_CONVERSION = YES;
				GCC_WARN_ABOUT_RETURN_TYPE = YES_ERROR;
				GCC_WARN_UNDECLARED_SELECTOR = YES;
				GCC_WARN_UNINITIALIZED_AUTOS = YES_AGGRESSIVE;
				GCC_WARN_UNUSED_FUNCTION = YES;
				GCC_WARN_UNUSED_VARIABLE = YES;
				IPHONEOS_DEPLOYMENT_TARGET = 17.0;
				LOCALIZATION_PREFERS_STRING_CATALOGS = YES;
				MTL_ENABLE_DEBUG_INFO = NO;
				MTL_FAST_MATH = YES;
				SDKROOT = iphoneos;
				SWIFT_COMPILATION_MODE = wholemodule;
				VALIDATE_PRODUCT = YES;
			};
			name = Release;
		};
		DAA696F02B19BCEF00E08E6E /* Debug */ = {
			isa = XCBuildConfiguration;
			buildSettings = {
				ASSETCATALOG_COMPILER_APPICON_NAME = AppIcon;
				ASSETCATALOG_COMPILER_GLOBAL_ACCENT_COLOR_NAME = AccentColor;
				CODE_SIGN_STYLE = Automatic;
				CURRENT_PROJECT_VERSION = 1;
				DEVELOPMENT_ASSET_PATHS = "\"MaskedTextFieldsDemoApp/Preview Content\"";
				DEVELOPMENT_TEAM = Y7UG5M2ET2;
				ENABLE_PREVIEWS = YES;
				GENERATE_INFOPLIST_FILE = YES;
				INFOPLIST_KEY_UIApplicationSceneManifest_Generation = YES;
				INFOPLIST_KEY_UIApplicationSupportsIndirectInputEvents = YES;
				INFOPLIST_KEY_UILaunchScreen_Generation = YES;
				INFOPLIST_KEY_UISupportedInterfaceOrientations_iPad = "UIInterfaceOrientationPortrait UIInterfaceOrientationPortraitUpsideDown UIInterfaceOrientationLandscapeLeft UIInterfaceOrientationLandscapeRight";
				INFOPLIST_KEY_UISupportedInterfaceOrientations_iPhone = "UIInterfaceOrientationPortrait UIInterfaceOrientationLandscapeLeft UIInterfaceOrientationLandscapeRight";
				IPHONEOS_DEPLOYMENT_TARGET = 16.0;
				LD_RUNPATH_SEARCH_PATHS = (
					"$(inherited)",
					"@executable_path/Frameworks",
				);
				MARKETING_VERSION = 1.0;
				PRODUCT_BUNDLE_IDENTIFIER = com.dtechlabs.MaskedTextFieldsDemoApp;
				PRODUCT_NAME = "$(TARGET_NAME)";
				SWIFT_EMIT_LOC_STRINGS = YES;
				SWIFT_VERSION = 5.0;
				TARGETED_DEVICE_FAMILY = "1,2";
			};
			name = Debug;
		};
		DAA696F12B19BCEF00E08E6E /* Release */ = {
			isa = XCBuildConfiguration;
			buildSettings = {
				ASSETCATALOG_COMPILER_APPICON_NAME = AppIcon;
				ASSETCATALOG_COMPILER_GLOBAL_ACCENT_COLOR_NAME = AccentColor;
				CODE_SIGN_STYLE = Automatic;
				CURRENT_PROJECT_VERSION = 1;
				DEVELOPMENT_ASSET_PATHS = "\"MaskedTextFieldsDemoApp/Preview Content\"";
				DEVELOPMENT_TEAM = Y7UG5M2ET2;
				ENABLE_PREVIEWS = YES;
				GENERATE_INFOPLIST_FILE = YES;
				INFOPLIST_KEY_UIApplicationSceneManifest_Generation = YES;
				INFOPLIST_KEY_UIApplicationSupportsIndirectInputEvents = YES;
				INFOPLIST_KEY_UILaunchScreen_Generation = YES;
				INFOPLIST_KEY_UISupportedInterfaceOrientations_iPad = "UIInterfaceOrientationPortrait UIInterfaceOrientationPortraitUpsideDown UIInterfaceOrientationLandscapeLeft UIInterfaceOrientationLandscapeRight";
				INFOPLIST_KEY_UISupportedInterfaceOrientations_iPhone = "UIInterfaceOrientationPortrait UIInterfaceOrientationLandscapeLeft UIInterfaceOrientationLandscapeRight";
				IPHONEOS_DEPLOYMENT_TARGET = 16.0;
				LD_RUNPATH_SEARCH_PATHS = (
					"$(inherited)",
					"@executable_path/Frameworks",
				);
				MARKETING_VERSION = 1.0;
				PRODUCT_BUNDLE_IDENTIFIER = com.dtechlabs.MaskedTextFieldsDemoApp;
				PRODUCT_NAME = "$(TARGET_NAME)";
				SWIFT_EMIT_LOC_STRINGS = YES;
				SWIFT_VERSION = 5.0;
				TARGETED_DEVICE_FAMILY = "1,2";
			};
			name = Release;
		};
/* End XCBuildConfiguration section */

/* Begin XCConfigurationList section */
		DAA696DC2B19BCED00E08E6E /* Build configuration list for PBXProject "MaskedTextFieldsDemoApp" */ = {
			isa = XCConfigurationList;
			buildConfigurations = (
				DAA696ED2B19BCEF00E08E6E /* Debug */,
				DAA696EE2B19BCEF00E08E6E /* Release */,
			);
			defaultConfigurationIsVisible = 0;
			defaultConfigurationName = Release;
		};
		DAA696EF2B19BCEF00E08E6E /* Build configuration list for PBXNativeTarget "MaskedTextFieldsDemoApp" */ = {
			isa = XCConfigurationList;
			buildConfigurations = (
				DAA696F02B19BCEF00E08E6E /* Debug */,
				DAA696F12B19BCEF00E08E6E /* Release */,
			);
			defaultConfigurationIsVisible = 0;
			defaultConfigurationName = Release;
		};
/* End XCConfigurationList section */

/* Begin XCLocalSwiftPackageReference section */
		DAA696F22B19BD1100E08E6E /* XCLocalSwiftPackageReference ".." */ = {
			isa = XCLocalSwiftPackageReference;
			relativePath = ..;
		};
/* End XCLocalSwiftPackageReference section */

/* Begin XCSwiftPackageProductDependency section */
		DAA696F32B19BD1100E08E6E /* MaskedTextFields */ = {
			isa = XCSwiftPackageProductDependency;
			productName = MaskedTextFields;
		};
		DAA696F52B19BD1100E08E6E /* PhoneNumberField */ = {
			isa = XCSwiftPackageProductDependency;
			productName = PhoneNumberField;
		};
		DAA696F72B19BDCB00E08E6E /* MaskedTextFields */ = {
			isa = XCSwiftPackageProductDependency;
			productName = MaskedTextFields;
		};
		DAA696F92B19BDCB00E08E6E /* PhoneNumberField */ = {
			isa = XCSwiftPackageProductDependency;
			productName = PhoneNumberField;
		};
/* End XCSwiftPackageProductDependency section */
	};
	rootObject = DAA696D92B19BCED00E08E6E /* Project object */;
}
